
Microsoft Visual Studio Solution File, Format Version 12.00
# Visual Studio Version 16
VisualStudioVersion = 16.0.31424.327
MinimumVisualStudioVersion = 10.0.40219.1
Project("{9A19103F-16F7-4668-BE54-9A1E7A4F7556}") = "UPD", "UPD.csproj", "{141BFD07-E275-4F96-8E36-848FAF526462}"
EndProject
Global
	GlobalSection(SolutionConfigurationPlatforms) = preSolution
		Debug|Any CPU = Debug|Any CPU
		Release|Any CPU = Release|Any CPU
	EndGlobalSection
	GlobalSection(ProjectConfigurationPlatforms) = postSolution
		{141BFD07-E275-4F96-8E36-848FAF526462}.Debug|Any CPU.ActiveCfg = Debug|Any CPU
		{141BFD07-E275-4F96-8E36-848FAF526462}.Debug|Any CPU.Build.0 = Debug|Any CPU
		{141BFD07-E275-4F96-8E36-848FAF526462}.Release|Any CPU.ActiveCfg = Release|Any CPU
		{141BFD07-E275-4F96-8E36-848FAF526462}.Release|Any CPU.Build.0 = Release|Any CPU
	EndGlobalSection
	GlobalSection(SolutionProperties) = preSolution
		HideSolutionNode = FALSE
	EndGlobalSection
	GlobalSection(ExtensibilityGlobals) = postSolution
		SolutionGuid = {8D44EAF1-6629-40C4-8359-0A44EC7B6028}
	EndGlobalSection
EndGlobal
